
Microsoft Visual Studio Solution File, Format Version 12.00
# Visual Studio Version 17
VisualStudioVersion = 17.0.32112.339
MinimumVisualStudioVersion = 10.0.40219.1
Project("{8BC9CEB8-8B4A-11D0-8D11-00A0C91BC942}") = "document_scanner", "document_scanner.vcxproj", "{0344D60F-E7E0-422D-AC45-5ABE02E008FE}"
EndProject
Global
	GlobalSection(SolutionConfigurationPlatforms) = preSolution
		Debug|x64 = Debug|x64
		Debug|x86 = Debug|x86
		Release|x64 = Release|x64
		Release|x86 = Release|x86
	EndGlobalSection
	GlobalSection(ProjectConfigurationPlatforms) = postSolution
		{0344D60F-E7E0-422D-AC45-5ABE02E008FE}.Debug|x64.ActiveCfg = Debug|x64
		{0344D60F-E7E0-422D-AC45-5ABE02E008FE}.Debug|x64.Build.0 = Debug|x64
		{0344D60F-E7E0-422D-AC45-5ABE02E008FE}.Debug|x86.ActiveCfg = Debug|Win32
		{0344D60F-E7E0-422D-AC45-5ABE02E008FE}.Debug|x86.Build.0 = Debug|Win32
		{0344D60F-E7E0-422D-AC45-5ABE02E008FE}.Release|x64.ActiveCfg = Release|x64
		{0344D60F-E7E0-422D-AC45-5ABE02E008FE}.Release|x64.Build.0 = Release|x64
		{0344D60F-E7E0-422D-AC45-5ABE02E008FE}.Release|x86.ActiveCfg = Release|Win32
		{0344D60F-E7E0-422D-AC45-5ABE02E008FE}.Release|x86.Build.0 = Release|Win32
	EndGlobalSection
	GlobalSection(SolutionProperties) = preSolution
		HideSolutionNode = FALSE
	EndGlobalSection
	GlobalSection(ExtensibilityGlobals) = postSolution
		SolutionGuid = {CAC4CBC3-4C50-4763-932B-9CD85078B154}
	EndGlobalSection
EndGlobal
